
Microsoft Visual Studio Solution File, Format Version 12.00
Project("{FAE04EC0-301F-11D3-BF4B-00C04F79EFBC}") = "BistAdvisor.Web", "BistAdvisor.Web\BistAdvisor.Web.csproj", "{DF5B11E0-2C38-4331-B936-6174E1DFD945}"
EndProject
Global
	GlobalSection(SolutionConfigurationPlatforms) = preSolution
		Debug|Any CPU = Debug|Any CPU
		Release|Any CPU = Release|Any CPU
	EndGlobalSection
	GlobalSection(ProjectConfigurationPlatforms) = postSolution
		{DF5B11E0-2C38-4331-B936-6174E1DFD945}.Debug|Any CPU.ActiveCfg = Debug|Any CPU
		{DF5B11E0-2C38-4331-B936-6174E1DFD945}.Debug|Any CPU.Build.0 = Debug|Any CPU
		{DF5B11E0-2C38-4331-B936-6174E1DFD945}.Release|Any CPU.ActiveCfg = Release|Any CPU
		{DF5B11E0-2C38-4331-B936-6174E1DFD945}.Release|Any CPU.Build.0 = Release|Any CPU
	EndGlobalSection
EndGlobal
